
Microsoft Visual Studio Solution File, Format Version 12.00
# Visual Studio 15
VisualStudioVersion = 15.0.28307.271
MinimumVisualStudioVersion = 10.0.40219.1
Project("{159641D6-6404-4A2A-AE62-294DE0FE8301}") = "CompetetionTask", "CompetetionTask\CompetetionTask.dtproj", "{2BAF21CC-0CA5-47AA-A00C-2EB3674A18C7}"
EndProject
Global
	GlobalSection(SolutionConfigurationPlatforms) = preSolution
		Development|Default = Development|Default
	EndGlobalSection
	GlobalSection(ProjectConfigurationPlatforms) = postSolution
		{2BAF21CC-0CA5-47AA-A00C-2EB3674A18C7}.Development|Default.ActiveCfg = Development
		{2BAF21CC-0CA5-47AA-A00C-2EB3674A18C7}.Development|Default.Build.0 = Development
	EndGlobalSection
	GlobalSection(SolutionProperties) = preSolution
		HideSolutionNode = FALSE
	EndGlobalSection
	GlobalSection(ExtensibilityGlobals) = postSolution
		SolutionGuid = {406A3B4C-105C-4351-993E-6F953EC36C63}
	EndGlobalSection
EndGlobal
